<?xml version="1.0" encoding="utf-8"?>
<Project ToolsVersion="4.0" xmlns="http://schemas.microsoft.com/developer/msbuild/2003">
  <ItemGroup>
    <Filter Include="Source Files">
      <UniqueIdentifier>{4FC737F1-C7A5-4376-A066-2A32D752A2FF}</UniqueIdentifier>
      <Extensions>cpp;c;cc;cxx;def;odl;idl;hpj;bat;asm;asmx</Extensions>
    </Filter>
    <Filter Include="Header Files">
      <UniqueIdentifier>{93995380-89BD-4b04-88EB-625FBE52EBFB}</UniqueIdentifier>
      <Extensions>h;hh;hpp;hxx;hm;inl;inc;xsd</Extensions>
    </Filter>
    <Filter Include="Resource Files">
      <UniqueIdentifier>{67DA6AB6-F800-4c08-8B7A-83BB121AAD01}</UniqueIdentifier>
      <Extensions>rc;ico;cur;bmp;dlg;rc2;rct;bin;rgs;gif;jpg;jpeg;jpe;resx;tiff;tif;png;wav;mfcribbon-ms</Extensions>
    </Filter>
    <Filter Include="Source Files\core">
      <UniqueIdentifier>{4940d7f1-45c7-47a9-8c68-b2e69fa2c425}</UniqueIdentifier>
    </Filter>
    <Filter Include="Header Files\core">
      <UniqueIdentifier>{dd1d4988-7fa7-4b78-8559-6c1a3f282c2f}</UniqueIdentifier>
    </Filter>
    <Filter Include="Source Files\shaders">
      <UniqueIdentifier>{836feee5-6987-4907-8450-01169bd17d08}</UniqueIdentifier>
    </Filter>
    <Filter Include="Header Files\renderers">
      <UniqueIdentifier>{685c47af-f188-40c9-9820-61c421e4fef4}</UniqueIdentifier>
    </Filter>
    <Filter Include="Source Files\renderers">
      <UniqueIdentifier>{f91cc759-9d63-4952-b686-2522cf5fde11}</UniqueIdentifier>
    </Filter>
    <Filter Include="Header Files\managers">
      <UniqueIdentifier>{dae0710d-0af8-4b7f-8a6d-75b8c0556e8e}</UniqueIdentifier>
    </Filter>
    <Filter Include="Source Files\managers">
      <UniqueIdentifier>{7791aec1-0cd1-4c40-a42a-1958e60010f5}</UniqueIdentifier>
    </Filter>
    <Filter Include="Header Files\shaders">
      <UniqueIdentifier>{78cf3e99-b2fe-4d51-be3a-84fc3e7287f8}</UniqueIdentifier>
    </Filter>
    <Filter Include="Resource Files\shaders">
      <UniqueIdentifier>{4c3573ee-d30a-43c4-958b-7760ba9448a5}</UniqueIdentifier>
    </Filter>
    <Filter Include="Header Files\attributes">
      <UniqueIdentifier>{5e8d25fd-86a7-46af-97fe-0a34db53559f}</UniqueIdentifier>
    </Filter>
    <Filter Include="Source Files\attributes">
      <UniqueIdentifier>{afa3553b-5c05-4f67-9dda-9920bbde603e}</UniqueIdentifier>
    </Filter>
    <Filter Include="Header Files\utilities">
      <UniqueIdentifier>{8028ae33-623c-4ca0-a7a4-e793ec68dc9e}</UniqueIdentifier>
    </Filter>
    <Filter Include="Source Files\utilities">
      <UniqueIdentifier>{2fda19b2-8edc-44c3-9f12-ece3db19dcc2}</UniqueIdentifier>
    </Filter>
    <Filter Include="Header Files\collisions">
      <UniqueIdentifier>{fb3203cc-64ac-4df9-bdc8-3b6a3dc4b103}</UniqueIdentifier>
    </Filter>
    <Filter Include="Source Files\collisions">
      <UniqueIdentifier>{7bca0cba-02a8-40ac-a2af-cae1656048a8}</UniqueIdentifier>
    </Filter>
    <Filter Include="Resource Files\textures">
      <UniqueIdentifier>{7493c7b2-1595-4076-a4bc-468e890570ae}</UniqueIdentifier>
    </Filter>
    <Filter Include="Header Files\renderers\menu">
      <UniqueIdentifier>{476d67a5-3190-4a07-8ef7-d287335001b6}</UniqueIdentifier>
    </Filter>
    <Filter Include="Header Files\renderers\shape">
      <UniqueIdentifier>{abca6e74-1429-4bf8-8535-a23fa8399667}</UniqueIdentifier>
    </Filter>
    <Filter Include="Header Files\renderers\media">
      <UniqueIdentifier>{8c19f120-9a4a-4220-bec5-c47134c55734}</UniqueIdentifier>
    </Filter>
    <Filter Include="Source Files\renderers\menu">
      <UniqueIdentifier>{7617b966-f0ad-4271-94e0-d555039418eb}</UniqueIdentifier>
    </Filter>
    <Filter Include="Source Files\renderers\shape">
      <UniqueIdentifier>{a1198322-8f35-440e-bd78-edced05178c3}</UniqueIdentifier>
    </Filter>
    <Filter Include="Source Files\renderers\media">
      <UniqueIdentifier>{1aae976d-161c-4589-861a-f193248bfc68}</UniqueIdentifier>
    </Filter>
  </ItemGroup>
  <ItemGroup>
    <ClCompile Include="main.cpp">
      <Filter>Source Files</Filter>
    </ClCompile>
    <ClCompile Include="IRenderer.cpp">
      <Filter>Source Files\renderers</Filter>
    </ClCompile>
    <ClCompile Include="OpenGLEvents.cpp">
      <Filter>Source Files\core</Filter>
    </ClCompile>
    <ClCompile Include="OpenGlOptions.cpp">
      <Filter>Source Files\core</Filter>
    </ClCompile>
    <ClCompile Include="SceneManager.cpp">
      <Filter>Source Files\managers</Filter>
    </ClCompile>
    <ClCompile Include="ShaderLoader.cpp">
      <Filter>Source Files\shaders</Filter>
    </ClCompile>
    <ClCompile Include="OpenGLManager.cpp">
      <Filter>Source Files\managers</Filter>
    </ClCompile>
    <ClCompile Include="BaseRenderer.cpp">
      <Filter>Source Files\renderers</Filter>
    </ClCompile>
    <ClCompile Include="OpenGLColor.cpp">
      <Filter>Source Files\attributes</Filter>
    </ClCompile>
    <ClCompile Include="OpenGLPosition.cpp">
      <Filter>Source Files\attributes</Filter>
    </ClCompile>
    <ClCompile Include="CollisionManager.cpp">
      <Filter>Source Files\managers</Filter>
    </ClCompile>
    <ClCompile Include="GLfloatUtils.cpp">
      <Filter>Source Files\utilities</Filter>
    </ClCompile>
    <ClCompile Include="IdentifierUtils.cpp">
      <Filter>Source Files\utilities</Filter>
    </ClCompile>
    <ClCompile Include="BoxCollision.cpp">
      <Filter>Source Files\collisions</Filter>
    </ClCompile>
    <ClCompile Include="ImageRenderer.cpp">
      <Filter>Source Files\renderers\media</Filter>
    </ClCompile>
    <ClCompile Include="SquareRenderer.cpp">
      <Filter>Source Files\renderers\shape</Filter>
    </ClCompile>
    <ClCompile Include="SimpleAlphaTextRenderer.cpp">
      <Filter>Source Files\renderers\menu</Filter>
    </ClCompile>
    <ClCompile Include="SimpleCamera.cpp">
      <Filter>Source Files\core</Filter>
    </ClCompile>
  </ItemGroup>
  <ItemGroup>
    <None Include="packages.config" />
    <None Include="Fragment_Shader.glsl">
      <Filter>Resource Files\shaders</Filter>
    </None>
    <None Include="Vertex_Shader.glsl">
      <Filter>Resource Files\shaders</Filter>
    </None>
  </ItemGroup>
  <ItemGroup>
    <ClInclude Include="IRenderer.h">
      <Filter>Header Files\renderers</Filter>
    </ClInclude>
    <ClInclude Include="OpenGLEvents.h">
      <Filter>Header Files\core</Filter>
    </ClInclude>
    <ClInclude Include="OpenGlOptions.h">
      <Filter>Header Files\core</Filter>
    </ClInclude>
    <ClInclude Include="Core.h">
      <Filter>Header Files\core</Filter>
    </ClInclude>
    <ClInclude Include="SceneManager.h">
      <Filter>Header Files\managers</Filter>
    </ClInclude>
    <ClInclude Include="ShaderLoader.h">
      <Filter>Header Files\shaders</Filter>
    </ClInclude>
    <ClInclude Include="OpenGLManager.h">
      <Filter>Header Files\managers</Filter>
    </ClInclude>
    <ClInclude Include="Managers.h">
      <Filter>Header Files\managers</Filter>
    </ClInclude>
    <ClInclude Include="Shaders.h">
      <Filter>Header Files\shaders</Filter>
    </ClInclude>
    <ClInclude Include="Renderers.h">
      <Filter>Header Files\renderers</Filter>
    </ClInclude>
    <ClInclude Include="BaseRenderer.h">
      <Filter>Header Files\renderers</Filter>
    </ClInclude>
    <ClInclude Include="OpenGLColor.h">
      <Filter>Header Files\attributes</Filter>
    </ClInclude>
    <ClInclude Include="Attributes.h">
      <Filter>Header Files\attributes</Filter>
    </ClInclude>
    <ClInclude Include="OpenGLPosition.h">
      <Filter>Header Files\attributes</Filter>
    </ClInclude>
    <ClInclude Include="IOpenGLManager.h">
      <Filter>Header Files\managers</Filter>
    </ClInclude>
    <ClInclude Include="ISceneManager.h">
      <Filter>Header Files\managers</Filter>
    </ClInclude>
    <ClInclude Include="ICollisionManager.h">
      <Filter>Header Files\managers</Filter>
    </ClInclude>
    <ClInclude Include="CollisionManager.h">
      <Filter>Header Files\managers</Filter>
    </ClInclude>
    <ClInclude Include="IIntegerIdentifiable.h">
      <Filter>Header Files\attributes</Filter>
    </ClInclude>
    <ClInclude Include="GLfloatUtils.h">
      <Filter>Header Files\utilities</Filter>
    </ClInclude>
    <ClInclude Include="Utilities.h">
      <Filter>Header Files\utilities</Filter>
    </ClInclude>
    <ClInclude Include="IdentifierUtils.h">
      <Filter>Header Files\utilities</Filter>
    </ClInclude>
    <ClInclude Include="ICollision.h">
      <Filter>Header Files\collisions</Filter>
    </ClInclude>
    <ClInclude Include="Collisions.h">
      <Filter>Header Files\collisions</Filter>
    </ClInclude>
    <ClInclude Include="BoxCollision.h">
      <Filter>Header Files\collisions</Filter>
    </ClInclude>
    <ClInclude Include="resource.h">
      <Filter>Header Files</Filter>
    </ClInclude>
    <ClInclude Include="ButtonRenderer.h">
      <Filter>Header Files\renderers\menu</Filter>
    </ClInclude>
    <ClInclude Include="MenuRenderer.h">
      <Filter>Header Files\renderers\menu</Filter>
    </ClInclude>
    <ClInclude Include="ImageRenderer.h">
      <Filter>Header Files\renderers\media</Filter>
    </ClInclude>
    <ClInclude Include="SquareRenderer.h">
      <Filter>Header Files\renderers\shape</Filter>
    </ClInclude>
    <ClInclude Include="SimpleAlphaTextRenderer.h">
      <Filter>Header Files\renderers\menu</Filter>
    </ClInclude>
    <ClInclude Include="ICamera.h">
      <Filter>Header Files\core</Filter>
    </ClInclude>
    <ClInclude Include="SimpleCamera.h">
      <Filter>Header Files\core</Filter>
    </ClInclude>
  </ItemGroup>
  <ItemGroup>
    <ResourceCompile Include="room.client.win.rc">
      <Filter>Resource Files</Filter>
    </ResourceCompile>
  </ItemGroup>
  <ItemGroup>
    <Image Include="bricks.PNG">
      <Filter>Resource Files\textures</Filter>
    </Image>
  </ItemGroup>
</Project>