
Microsoft Visual Studio Solution File, Format Version 12.00
# Visual Studio 15
VisualStudioVersion = 15.0.28010.2046
MinimumVisualStudioVersion = 10.0.40219.1
Project("{2150E333-8FDC-42A3-9474-1A3956D46DE8}") = "Client", "Client", "{17EEE1E9-51CA-4F69-9E5F-4645FB1D0C40}"
EndProject
Project("{2150E333-8FDC-42A3-9474-1A3956D46DE8}") = "Server", "Server", "{3C06C4FA-A06C-4CD3-B4CD-04A7155150B2}"
EndProject
Project("{8BC9CEB8-8B4A-11D0-8D11-00A0C91BC942}") = "room.client", "room.client\room.client.vcxproj", "{BD315652-0B53-4167-B84F-C40AF0583E2F}"
EndProject
Project("{8BC9CEB8-8B4A-11D0-8D11-00A0C91BC942}") = "room.client.win", "room.client.win\room.client.win.vcxproj", "{F8C2FF03-E848-4C4E-A214-9A4BB14269F4}"
EndProject
Project("{9A19103F-16F7-4668-BE54-9A1E7A4F7556}") = "room.server.data", "room.server.data\room.server.data.csproj", "{1A9E0612-2B2C-4C39-BD56-9643AACDE83A}"
EndProject
Project("{9A19103F-16F7-4668-BE54-9A1E7A4F7556}") = "room.server.data.tests", "room.server.data.tests\room.server.data.tests.csproj", "{08CA784D-5999-4CF6-9D61-903DD7AA3F86}"
EndProject
Project("{8BC9CEB8-8B4A-11D0-8D11-00A0C91BC942}") = "room.client.tests", "room.client.tests\room.client.tests.vcxproj", "{081AC04D-0C13-491A-8C59-78CB2DBCE2C6}"
EndProject
Project("{9A19103F-16F7-4668-BE54-9A1E7A4F7556}") = "room.server.web", "room.server.web\room.server.web.csproj", "{312A8900-B7D0-433F-8A12-A796A8F2CD07}"
EndProject
Project("{FAE04EC0-301F-11D3-BF4B-00C04F79EFBC}") = "room.server.dataaccess", "room.server.dataaccess\room.server.dataaccess.csproj", "{C8A126F6-C516-4D60-BAE8-17FC9ECB85EB}"
EndProject
Global
	GlobalSection(SolutionConfigurationPlatforms) = preSolution
		Debug|Any CPU = Debug|Any CPU
		Debug|x64 = Debug|x64
		Debug|x86 = Debug|x86
		Release|Any CPU = Release|Any CPU
		Release|x64 = Release|x64
		Release|x86 = Release|x86
	EndGlobalSection
	GlobalSection(ProjectConfigurationPlatforms) = postSolution
		{BD315652-0B53-4167-B84F-C40AF0583E2F}.Debug|Any CPU.ActiveCfg = Debug|Win32
		{BD315652-0B53-4167-B84F-C40AF0583E2F}.Debug|x64.ActiveCfg = Debug|x64
		{BD315652-0B53-4167-B84F-C40AF0583E2F}.Debug|x64.Build.0 = Debug|x64
		{BD315652-0B53-4167-B84F-C40AF0583E2F}.Debug|x86.ActiveCfg = Debug|Win32
		{BD315652-0B53-4167-B84F-C40AF0583E2F}.Debug|x86.Build.0 = Debug|Win32
		{BD315652-0B53-4167-B84F-C40AF0583E2F}.Release|Any CPU.ActiveCfg = Release|Win32
		{BD315652-0B53-4167-B84F-C40AF0583E2F}.Release|x64.ActiveCfg = Release|x64
		{BD315652-0B53-4167-B84F-C40AF0583E2F}.Release|x64.Build.0 = Release|x64
		{BD315652-0B53-4167-B84F-C40AF0583E2F}.Release|x86.ActiveCfg = Release|Win32
		{BD315652-0B53-4167-B84F-C40AF0583E2F}.Release|x86.Build.0 = Release|Win32
		{F8C2FF03-E848-4C4E-A214-9A4BB14269F4}.Debug|Any CPU.ActiveCfg = Debug|Win32
		{F8C2FF03-E848-4C4E-A214-9A4BB14269F4}.Debug|x64.ActiveCfg = Debug|x64
		{F8C2FF03-E848-4C4E-A214-9A4BB14269F4}.Debug|x64.Build.0 = Debug|x64
		{F8C2FF03-E848-4C4E-A214-9A4BB14269F4}.Debug|x86.ActiveCfg = Debug|Win32
		{F8C2FF03-E848-4C4E-A214-9A4BB14269F4}.Debug|x86.Build.0 = Debug|Win32
		{F8C2FF03-E848-4C4E-A214-9A4BB14269F4}.Release|Any CPU.ActiveCfg = Release|Win32
		{F8C2FF03-E848-4C4E-A214-9A4BB14269F4}.Release|x64.ActiveCfg = Release|x64
		{F8C2FF03-E848-4C4E-A214-9A4BB14269F4}.Release|x64.Build.0 = Release|x64
		{F8C2FF03-E848-4C4E-A214-9A4BB14269F4}.Release|x86.ActiveCfg = Release|Win32
		{F8C2FF03-E848-4C4E-A214-9A4BB14269F4}.Release|x86.Build.0 = Release|Win32
		{1A9E0612-2B2C-4C39-BD56-9643AACDE83A}.Debug|Any CPU.ActiveCfg = Debug|Any CPU
		{1A9E0612-2B2C-4C39-BD56-9643AACDE83A}.Debug|Any CPU.Build.0 = Debug|Any CPU
		{1A9E0612-2B2C-4C39-BD56-9643AACDE83A}.Debug|x64.ActiveCfg = Debug|Any CPU
		{1A9E0612-2B2C-4C39-BD56-9643AACDE83A}.Debug|x64.Build.0 = Debug|Any CPU
		{1A9E0612-2B2C-4C39-BD56-9643AACDE83A}.Debug|x86.ActiveCfg = Debug|Any CPU
		{1A9E0612-2B2C-4C39-BD56-9643AACDE83A}.Debug|x86.Build.0 = Debug|Any CPU
		{1A9E0612-2B2C-4C39-BD56-9643AACDE83A}.Release|Any CPU.ActiveCfg = Release|Any CPU
		{1A9E0612-2B2C-4C39-BD56-9643AACDE83A}.Release|Any CPU.Build.0 = Release|Any CPU
		{1A9E0612-2B2C-4C39-BD56-9643AACDE83A}.Release|x64.ActiveCfg = Release|Any CPU
		{1A9E0612-2B2C-4C39-BD56-9643AACDE83A}.Release|x64.Build.0 = Release|Any CPU
		{1A9E0612-2B2C-4C39-BD56-9643AACDE83A}.Release|x86.ActiveCfg = Release|Any CPU
		{1A9E0612-2B2C-4C39-BD56-9643AACDE83A}.Release|x86.Build.0 = Release|Any CPU
		{08CA784D-5999-4CF6-9D61-903DD7AA3F86}.Debug|Any CPU.ActiveCfg = Debug|Any CPU
		{08CA784D-5999-4CF6-9D61-903DD7AA3F86}.Debug|Any CPU.Build.0 = Debug|Any CPU
		{08CA784D-5999-4CF6-9D61-903DD7AA3F86}.Debug|x64.ActiveCfg = Debug|Any CPU
		{08CA784D-5999-4CF6-9D61-903DD7AA3F86}.Debug|x64.Build.0 = Debug|Any CPU
		{08CA784D-5999-4CF6-9D61-903DD7AA3F86}.Debug|x86.ActiveCfg = Debug|Any CPU
		{08CA784D-5999-4CF6-9D61-903DD7AA3F86}.Debug|x86.Build.0 = Debug|Any CPU
		{08CA784D-5999-4CF6-9D61-903DD7AA3F86}.Release|Any CPU.ActiveCfg = Release|Any CPU
		{08CA784D-5999-4CF6-9D61-903DD7AA3F86}.Release|Any CPU.Build.0 = Release|Any CPU
		{08CA784D-5999-4CF6-9D61-903DD7AA3F86}.Release|x64.ActiveCfg = Release|Any CPU
		{08CA784D-5999-4CF6-9D61-903DD7AA3F86}.Release|x64.Build.0 = Release|Any CPU
		{08CA784D-5999-4CF6-9D61-903DD7AA3F86}.Release|x86.ActiveCfg = Release|Any CPU
		{08CA784D-5999-4CF6-9D61-903DD7AA3F86}.Release|x86.Build.0 = Release|Any CPU
		{081AC04D-0C13-491A-8C59-78CB2DBCE2C6}.Debug|Any CPU.ActiveCfg = Debug|Win32
		{081AC04D-0C13-491A-8C59-78CB2DBCE2C6}.Debug|x64.ActiveCfg = Debug|x64
		{081AC04D-0C13-491A-8C59-78CB2DBCE2C6}.Debug|x64.Build.0 = Debug|x64
		{081AC04D-0C13-491A-8C59-78CB2DBCE2C6}.Debug|x86.ActiveCfg = Debug|Win32
		{081AC04D-0C13-491A-8C59-78CB2DBCE2C6}.Debug|x86.Build.0 = Debug|Win32
		{081AC04D-0C13-491A-8C59-78CB2DBCE2C6}.Release|Any CPU.ActiveCfg = Release|Win32
		{081AC04D-0C13-491A-8C59-78CB2DBCE2C6}.Release|x64.ActiveCfg = Release|x64
		{081AC04D-0C13-491A-8C59-78CB2DBCE2C6}.Release|x64.Build.0 = Release|x64
		{081AC04D-0C13-491A-8C59-78CB2DBCE2C6}.Release|x86.ActiveCfg = Release|Win32
		{081AC04D-0C13-491A-8C59-78CB2DBCE2C6}.Release|x86.Build.0 = Release|Win32
		{312A8900-B7D0-433F-8A12-A796A8F2CD07}.Debug|Any CPU.ActiveCfg = Debug|Any CPU
		{312A8900-B7D0-433F-8A12-A796A8F2CD07}.Debug|Any CPU.Build.0 = Debug|Any CPU
		{312A8900-B7D0-433F-8A12-A796A8F2CD07}.Debug|x64.ActiveCfg = Debug|Any CPU
		{312A8900-B7D0-433F-8A12-A796A8F2CD07}.Debug|x64.Build.0 = Debug|Any CPU
		{312A8900-B7D0-433F-8A12-A796A8F2CD07}.Debug|x86.ActiveCfg = Debug|Any CPU
		{312A8900-B7D0-433F-8A12-A796A8F2CD07}.Debug|x86.Build.0 = Debug|Any CPU
		{312A8900-B7D0-433F-8A12-A796A8F2CD07}.Release|Any CPU.ActiveCfg = Release|Any CPU
		{312A8900-B7D0-433F-8A12-A796A8F2CD07}.Release|Any CPU.Build.0 = Release|Any CPU
		{312A8900-B7D0-433F-8A12-A796A8F2CD07}.Release|x64.ActiveCfg = Release|Any CPU
		{312A8900-B7D0-433F-8A12-A796A8F2CD07}.Release|x64.Build.0 = Release|Any CPU
		{312A8900-B7D0-433F-8A12-A796A8F2CD07}.Release|x86.ActiveCfg = Release|Any CPU
		{312A8900-B7D0-433F-8A12-A796A8F2CD07}.Release|x86.Build.0 = Release|Any CPU
		{C8A126F6-C516-4D60-BAE8-17FC9ECB85EB}.Debug|Any CPU.ActiveCfg = Debug|Any CPU
		{C8A126F6-C516-4D60-BAE8-17FC9ECB85EB}.Debug|Any CPU.Build.0 = Debug|Any CPU
		{C8A126F6-C516-4D60-BAE8-17FC9ECB85EB}.Debug|x64.ActiveCfg = Debug|Any CPU
		{C8A126F6-C516-4D60-BAE8-17FC9ECB85EB}.Debug|x64.Build.0 = Debug|Any CPU
		{C8A126F6-C516-4D60-BAE8-17FC9ECB85EB}.Debug|x86.ActiveCfg = Debug|Any CPU
		{C8A126F6-C516-4D60-BAE8-17FC9ECB85EB}.Debug|x86.Build.0 = Debug|Any CPU
		{C8A126F6-C516-4D60-BAE8-17FC9ECB85EB}.Release|Any CPU.ActiveCfg = Release|Any CPU
		{C8A126F6-C516-4D60-BAE8-17FC9ECB85EB}.Release|Any CPU.Build.0 = Release|Any CPU
		{C8A126F6-C516-4D60-BAE8-17FC9ECB85EB}.Release|x64.ActiveCfg = Release|Any CPU
		{C8A126F6-C516-4D60-BAE8-17FC9ECB85EB}.Release|x64.Build.0 = Release|Any CPU
		{C8A126F6-C516-4D60-BAE8-17FC9ECB85EB}.Release|x86.ActiveCfg = Release|Any CPU
		{C8A126F6-C516-4D60-BAE8-17FC9ECB85EB}.Release|x86.Build.0 = Release|Any CPU
	EndGlobalSection
	GlobalSection(SolutionProperties) = preSolution
		HideSolutionNode = FALSE
	EndGlobalSection
	GlobalSection(NestedProjects) = preSolution
		{BD315652-0B53-4167-B84F-C40AF0583E2F} = {17EEE1E9-51CA-4F69-9E5F-4645FB1D0C40}
		{F8C2FF03-E848-4C4E-A214-9A4BB14269F4} = {17EEE1E9-51CA-4F69-9E5F-4645FB1D0C40}
		{1A9E0612-2B2C-4C39-BD56-9643AACDE83A} = {3C06C4FA-A06C-4CD3-B4CD-04A7155150B2}
		{08CA784D-5999-4CF6-9D61-903DD7AA3F86} = {3C06C4FA-A06C-4CD3-B4CD-04A7155150B2}
		{081AC04D-0C13-491A-8C59-78CB2DBCE2C6} = {17EEE1E9-51CA-4F69-9E5F-4645FB1D0C40}
		{312A8900-B7D0-433F-8A12-A796A8F2CD07} = {3C06C4FA-A06C-4CD3-B4CD-04A7155150B2}
		{C8A126F6-C516-4D60-BAE8-17FC9ECB85EB} = {3C06C4FA-A06C-4CD3-B4CD-04A7155150B2}
	EndGlobalSection
	GlobalSection(ExtensibilityGlobals) = postSolution
		SolutionGuid = {6BE5C68D-7F4D-4896-BE1E-38DB04E721E4}
	EndGlobalSection
EndGlobal
